// !$*UTF8*$!
{
	archiveVersion = 1;
	classes = {
	};
	objectVersion = 46;
	objects = {

/* Begin PBXBuildFile section */
		1547CAEF1F7246FB00725F81 /* main.m in Sources */ = {isa = PBXBuildFile; fileRef = 1547CAEE1F7246FB00725F81 /* main.m */; };
		1547CAF21F7246FB00725F81 /* AppDelegate.m in Sources */ = {isa = PBXBuildFile; fileRef = 1547CAF11F7246FB00725F81 /* AppDelegate.m */; };
		1547CAF51F7246FB00725F81 /* ViewController.m in Sources */ = {isa = PBXBuildFile; fileRef = 1547CAF41F7246FB00725F81 /* ViewController.m */; };
		1547CAF81F7246FB00725F81 /* Main.storyboard in Resources */ = {isa = PBXBuildFile; fileRef = 1547CAF61F7246FB00725F81 /* Main.storyboard */; };
		1547CAFA1F7246FB00725F81 /* Assets.xcassets in Resources */ = {isa = PBXBuildFile; fileRef = 1547CAF91F7246FB00725F81 /* Assets.xcassets */; };
		1547CAFD1F7246FB00725F81 /* LaunchScreen.storyboard in Resources */ = {isa = PBXBuildFile; fileRef = 1547CAFB1F7246FB00725F81 /* LaunchScreen.storyboard */; };
		1547CB081F7246FC00725F81 /* MarqueeTests.m in Sources */ = {isa = PBXBuildFile; fileRef = 1547CB071F7246FC00725F81 /* MarqueeTests.m */; };
		1547CB131F7246FC00725F81 /* MarqueeUITests.m in Sources */ = {isa = PBXBuildFile; fileRef = 1547CB121F7246FC00725F81 /* MarqueeUITests.m */; };
		1547CB221F72471B00725F81 /* MarqueeView.m in Sources */ = {isa = PBXBuildFile; fileRef = 1547CB211F72471B00725F81 /* MarqueeView.m */; };
		1547CB291F72478600725F81 /* UITableView+SDAutoTableViewCellHeight.m in Sources */ = {isa = PBXBuildFile; fileRef = 1547CB261F72478600725F81 /* UITableView+SDAutoTableViewCellHeight.m */; };
		1547CB2A1F72478600725F81 /* UIView+SDAutoLayout.m in Sources */ = {isa = PBXBuildFile; fileRef = 1547CB281F72478600725F81 /* UIView+SDAutoLayout.m */; };
/* End PBXBuildFile section */

/* Begin PBXContainerItemProxy section */
		1547CB041F7246FC00725F81 /* PBXContainerItemProxy */ = {
			isa = PBXContainerItemProxy;
			containerPortal = 1547CAE21F7246FB00725F81 /* Project object */;
			proxyType = 1;
			remoteGlobalIDString = 1547CAE91F7246FB00725F81;
			remoteInfo = Marquee;
		};
		1547CB0F1F7246FC00725F81 /* PBXContainerItemProxy */ = {
			isa = PBXContainerItemProxy;
			containerPortal = 1547CAE21F7246FB00725F81 /* Project object */;
			proxyType = 1;
			remoteGlobalIDString = 1547CAE91F7246FB00725F81;
			remoteInfo = Marquee;
		};
/* End PBXContainerItemProxy section */

/* Begin PBXFileReference section */
		1547CAEA1F7246FB00725F81 /* Marquee.app */ = {isa = PBXFileReference; explicitFileType = wrapper.application; includeInIndex = 0; path = Marquee.app; sourceTree = BUILT_PRODUCTS_DIR; };
		1547CAEE1F7246FB00725F81 /* main.m */ = {isa = PBXFileReference; lastKnownFileType = sourcecode.c.objc; path = main.m; sourceTree = "<group>"; };
		1547CAF01F7246FB00725F81 /* AppDelegate.h */ = {isa = PBXFileReference; lastKnownFileType = sourcecode.c.h; path = AppDelegate.h; sourceTree = "<group>"; };
		1547CAF11F7246FB00725F81 /* AppDelegate.m */ = {isa = PBXFileReference; lastKnownFileType = sourcecode.c.objc; path = AppDelegate.m; sourceTree = "<group>"; };
		1547CAF31F7246FB00725F81 /* ViewController.h */ = {isa = PBXFileReference; lastKnownFileType = sourcecode.c.h; path = ViewController.h; sourceTree = "<group>"; };
		1547CAF41F7246FB00725F81 /* ViewController.m */ = {isa = PBXFileReference; lastKnownFileType = sourcecode.c.objc; path = ViewController.m; sourceTree = "<group>"; };
		1547CAF71F7246FB00725F81 /* Base */ = {isa = PBXFileReference; lastKnownFileType = file.storyboard; name = Base; path = Base.lproj/Main.storyboard; sourceTree = "<group>"; };
		1547CAF91F7246FB00725F81 /* Assets.xcassets */ = {isa = PBXFileReference; lastKnownFileType = folder.assetcatalog; path = Assets.xcassets; sourceTree = "<group>"; };
		1547CAFC1F7246FB00725F81 /* Base */ = {isa = PBXFileReference; lastKnownFileType = file.storyboard; name = Base; path = Base.lproj/LaunchScreen.storyboard; sourceTree = "<group>"; };
		1547CAFE1F7246FB00725F81 /* Info.plist */ = {isa = PBXFileReference; lastKnownFileType = text.plist.xml; path = Info.plist; sourceTree = "<group>"; };
		1547CB031F7246FC00725F81 /* MarqueeTests.xctest */ = {isa = PBXFileReference; explicitFileType = wrapper.cfbundle; includeInIndex = 0; path = MarqueeTests.xctest; sourceTree = BUILT_PRODUCTS_DIR; };
		1547CB071F7246FC00725F81 /* MarqueeTests.m */ = {isa = PBXFileReference; lastKnownFileType = sourcecode.c.objc; path = MarqueeTests.m; sourceTree = "<group>"; };
		1547CB091F7246FC00725F81 /* Info.plist */ = {isa = PBXFileReference; lastKnownFileType = text.plist.xml; path = Info.plist; sourceTree = "<group>"; };
		1547CB0E1F7246FC00725F81 /* MarqueeUITests.xctest */ = {isa = PBXFileReference; explicitFileType = wrapper.cfbundle; includeInIndex = 0; path = MarqueeUITests.xctest; sourceTree = BUILT_PRODUCTS_DIR; };
		1547CB121F7246FC00725F81 /* MarqueeUITests.m */ = {isa = PBXFileReference; lastKnownFileType = sourcecode.c.objc; path = MarqueeUITests.m; sourceTree = "<group>"; };
		1547CB141F7246FC00725F81 /* Info.plist */ = {isa = PBXFileReference; lastKnownFileType = text.plist.xml; path = Info.plist; sourceTree = "<group>"; };
		1547CB201F72471B00725F81 /* MarqueeView.h */ = {isa = PBXFileReference; fileEncoding = 4; lastKnownFileType = sourcecode.c.h; path = MarqueeView.h; sourceTree = "<group>"; };
		1547CB211F72471B00725F81 /* MarqueeView.m */ = {isa = PBXFileReference; fileEncoding = 4; lastKnownFileType = sourcecode.c.objc; path = MarqueeView.m; sourceTree = "<group>"; };
		1547CB241F72478600725F81 /* SDAutoLayout.h */ = {isa = PBXFileReference; fileEncoding = 4; lastKnownFileType = sourcecode.c.h; path = SDAutoLayout.h; sourceTree = "<group>"; };
		1547CB251F72478600725F81 /* UITableView+SDAutoTableViewCellHeight.h */ = {isa = PBXFileReference; fileEncoding = 4; lastKnownFileType = sourcecode.c.h; path = "UITableView+SDAutoTableViewCellHeight.h"; sourceTree = "<group>"; };
		1547CB261F72478600725F81 /* UITableView+SDAutoTableViewCellHeight.m */ = {isa = PBXFileReference; fileEncoding = 4; lastKnownFileType = sourcecode.c.objc; path = "UITableView+SDAutoTableViewCellHeight.m"; sourceTree = "<group>"; };
		1547CB271F72478600725F81 /* UIView+SDAutoLayout.h */ = {isa = PBXFileReference; fileEncoding = 4; lastKnownFileType = sourcecode.c.h; path = "UIView+SDAutoLayout.h"; sourceTree = "<group>"; };
		1547CB281F72478600725F81 /* UIView+SDAutoLayout.m */ = {isa = PBXFileReference; fileEncoding = 4; lastKnownFileType = sourcecode.c.objc; path = "UIView+SDAutoLayout.m"; sourceTree = "<group>"; };
/* End PBXFileReference section */

/* Begin PBXFrameworksBuildPhase section */
		1547CAE71F7246FB00725F81 /* Frameworks */ = {
			isa = PBXFrameworksBuildPhase;
			buildActionMask = 2147483647;
			files = (
			);
			runOnlyForDeploymentPostprocessing = 0;
		};
		1547CB001F7246FC00725F81 /* Frameworks */ = {
			isa = PBXFrameworksBuildPhase;
			buildActionMask = 2147483647;
			files = (
			);
			runOnlyForDeploymentPostprocessing = 0;
		};
		1547CB0B1F7246FC00725F81 /* Frameworks */ = {
			isa = PBXFrameworksBuildPhase;
			buildActionMask = 2147483647;
			files = (
			);
			runOnlyForDeploymentPostprocessing = 0;
		};
/* End PBXFrameworksBuildPhase section */

/* Begin PBXGroup section */
		1547CAE11F7246FB00725F81 = {
			isa = PBXGroup;
			children = (
				1547CAEC1F7246FB00725F81 /* Marquee */,
				1547CB061F7246FC00725F81 /* MarqueeTests */,
				1547CB111F7246FC00725F81 /* MarqueeUITests */,
				1547CAEB1F7246FB00725F81 /* Products */,
			);
			sourceTree = "<group>";
		};
		1547CAEB1F7246FB00725F81 /* Products */ = {
			isa = PBXGroup;
			children = (
				1547CAEA1F7246FB00725F81 /* Marquee.app */,
				1547CB031F7246FC00725F81 /* MarqueeTests.xctest */,
				1547CB0E1F7246FC00725F81 /* MarqueeUITests.xctest */,
			);
			name = Products;
			sourceTree = "<group>";
		};
		1547CAEC1F7246FB00725F81 /* Marquee */ = {
			isa = PBXGroup;
			children = (
				1547CB231F72478600725F81 /* SDAutoLayout */,
				1547CAF01F7246FB00725F81 /* AppDelegate.h */,
				1547CAF11F7246FB00725F81 /* AppDelegate.m */,
				1547CAF31F7246FB00725F81 /* ViewController.h */,
				1547CAF41F7246FB00725F81 /* ViewController.m */,
				1547CB201F72471B00725F81 /* MarqueeView.h */,
				1547CB211F72471B00725F81 /* MarqueeView.m */,
				1547CAF61F7246FB00725F81 /* Main.storyboard */,
				1547CAF91F7246FB00725F81 /* Assets.xcassets */,
				1547CAFB1F7246FB00725F81 /* LaunchScreen.storyboard */,
				1547CAFE1F7246FB00725F81 /* Info.plist */,
				1547CAED1F7246FB00725F81 /* Supporting Files */,
			);
			path = Marquee;
			sourceTree = "<group>";
		};
		1547CAED1F7246FB00725F81 /* Supporting Files */ = {
			isa = PBXGroup;
			children = (
				1547CAEE1F7246FB00725F81 /* main.m */,
			);
			name = "Supporting Files";
			sourceTree = "<group>";
		};
		1547CB061F7246FC00725F81 /* MarqueeTests */ = {
			isa = PBXGroup;
			children = (
				1547CB071F7246FC00725F81 /* MarqueeTests.m */,
				1547CB091F7246FC00725F81 /* Info.plist */,
			);
			path = MarqueeTests;
			sourceTree = "<group>";
		};
		1547CB111F7246FC00725F81 /* MarqueeUITests */ = {
			isa = PBXGroup;
			children = (
				1547CB121F7246FC00725F81 /* MarqueeUITests.m */,
				1547CB141F7246FC00725F81 /* Info.plist */,
			);
			path = MarqueeUITests;
			sourceTree = "<group>";
		};
		1547CB231F72478600725F81 /* SDAutoLayout */ = {
			isa = PBXGroup;
			children = (
				1547CB241F72478600725F81 /* SDAutoLayout.h */,
				1547CB251F72478600725F81 /* UITableView+SDAutoTableViewCellHeight.h */,
				1547CB261F72478600725F81 /* UITableView+SDAutoTableViewCellHeight.m */,
				1547CB271F72478600725F81 /* UIView+SDAutoLayout.h */,
				1547CB281F72478600725F81 /* UIView+SDAutoLayout.m */,
			);
			path = SDAutoLayout;
			sourceTree = "<group>";
		};
/* End PBXGroup section */

/* Begin PBXNativeTarget section */
		1547CAE91F7246FB00725F81 /* Marquee */ = {
			isa = PBXNativeTarget;
			buildConfigurationList = 1547CB171F7246FC00725F81 /* Build configuration list for PBXNativeTarget "Marquee" */;
			buildPhases = (
				1547CAE61F7246FB00725F81 /* Sources */,
				1547CAE71F7246FB00725F81 /* Frameworks */,
				1547CAE81F7246FB00725F81 /* Resources */,
			);
			buildRules = (
			);
			dependencies = (
			);
			name = Marquee;
			productName = Marquee;
			productReference = 1547CAEA1F7246FB00725F81 /* Marquee.app */;
			productType = "com.apple.product-type.application";
		};
		1547CB021F7246FC00725F81 /* MarqueeTests */ = {
			isa = PBXNativeTarget;
			buildConfigurationList = 1547CB1A1F7246FC00725F81 /* Build configuration list for PBXNativeTarget "MarqueeTests" */;
			buildPhases = (
				1547CAFF1F7246FC00725F81 /* Sources */,
				1547CB001F7246FC00725F81 /* Frameworks */,
				1547CB011F7246FC00725F81 /* Resources */,
			);
			buildRules = (
			);
			dependencies = (
				1547CB051F7246FC00725F81 /* PBXTargetDependency */,
			);
			name = MarqueeTests;
			productName = MarqueeTests;
			productReference = 1547CB031F7246FC00725F81 /* MarqueeTests.xctest */;
			productType = "com.apple.product-type.bundle.unit-test";
		};
		1547CB0D1F7246FC00725F81 /* MarqueeUITests */ = {
			isa = PBXNativeTarget;
			buildConfigurationList = 1547CB1D1F7246FC00725F81 /* Build configuration list for PBXNativeTarget "MarqueeUITests" */;
			buildPhases = (
				1547CB0A1F7246FC00725F81 /* Sources */,
				1547CB0B1F7246FC00725F81 /* Frameworks */,
				1547CB0C1F7246FC00725F81 /* Resources */,
			);
			buildRules = (
			);
			dependencies = (
				1547CB101F7246FC00725F81 /* PBXTargetDependency */,
			);
			name = MarqueeUITests;
			productName = MarqueeUITests;
			productReference = 1547CB0E1F7246FC00725F81 /* MarqueeUITests.xctest */;
			productType = "com.apple.product-type.bundle.ui-testing";
		};
/* End PBXNativeTarget section */

/* Begin PBXProject section */
		1547CAE21F7246FB00725F81 /* Project object */ = {
			isa = PBXProject;
			attributes = {
				LastUpgradeCheck = 0830;
				ORGANIZATIONNAME = wanhouhong;
				TargetAttributes = {
					1547CAE91F7246FB00725F81 = {
						CreatedOnToolsVersion = 8.3.3;
						DevelopmentTeam = 66TV2DKPY8;
						ProvisioningStyle = Automatic;
					};
					1547CB021F7246FC00725F81 = {
						CreatedOnToolsVersion = 8.3.3;
						DevelopmentTeam = 66TV2DKPY8;
						ProvisioningStyle = Automatic;
						TestTargetID = 1547CAE91F7246FB00725F81;
					};
					1547CB0D1F7246FC00725F81 = {
						CreatedOnToolsVersion = 8.3.3;
						DevelopmentTeam = 66TV2DKPY8;
						ProvisioningStyle = Automatic;
						TestTargetID = 1547CAE91F7246FB00725F81;
					};
				};
			};
			buildConfigurationList = 1547CAE51F7246FB00725F81 /* Build configuration list for PBXProject "Marquee" */;
			compatibilityVersion = "Xcode 3.2";
			developmentRegion = English;
			hasScannedForEncodings = 0;
			knownRegions = (
				en,
				Base,
			);
			mainGroup = 1547CAE11F7246FB00725F81;
			productRefGroup = 1547CAEB1F7246FB00725F81 /* Products */;
			projectDirPath = "";
			projectRoot = "";
			targets = (
				1547CAE91F7246FB00725F81 /* Marquee */,
				1547CB021F7246FC00725F81 /* MarqueeTests */,
				1547CB0D1F7246FC00725F81 /* MarqueeUITests */,
			);
		};
/* End PBXProject section */

/* Begin PBXResourcesBuildPhase section */
		1547CAE81F7246FB00725F81 /* Resources */ = {
			isa = PBXResourcesBuildPhase;
			buildActionMask = 2147483647;
			files = (
				1547CAFD1F7246FB00725F81 /* LaunchScreen.storyboard in Resources */,
				1547CAFA1F7246FB00725F81 /* Assets.xcassets in Resources */,
				1547CAF81F7246FB00725F81 /* Main.storyboard in Resources */,
			);
			runOnlyForDeploymentPostprocessing = 0;
		};
		1547CB011F7246FC00725F81 /* Resources */ = {
			isa = PBXResourcesBuildPhase;
			buildActionMask = 2147483647;
			files = (
			);
			runOnlyForDeploymentPostprocessing = 0;
		};
		1547CB0C1F7246FC00725F81 /* Resources */ = {
			isa = PBXResourcesBuildPhase;
			buildActionMask = 2147483647;
			files = (
			);
			runOnlyForDeploymentPostprocessing = 0;
		};
/* End PBXResourcesBuildPhase section */

/* Begin PBXSourcesBuildPhase section */
		1547CAE61F7246FB00725F81 /* Sources */ = {
			isa = PBXSourcesBuildPhase;
			buildActionMask = 2147483647;
			files = (
				1547CAF51F7246FB00725F81 /* ViewController.m in Sources */,
				1547CAF21F7246FB00725F81 /* AppDelegate.m in Sources */,
				1547CB2A1F72478600725F81 /* UIView+SDAutoLayout.m in Sources */,
				1547CAEF1F7246FB00725F81 /* main.m in Sources */,
				1547CB221F72471B00725F81 /* MarqueeView.m in Sources */,
				1547CB291F72478600725F81 /* UITableView+SDAutoTableViewCellHeight.m in Sources */,
			);
			runOnlyForDeploymentPostprocessing = 0;
		};
		1547CAFF1F7246FC00725F81 /* Sources */ = {
			isa = PBXSourcesBuildPhase;
			buildActionMask = 2147483647;
			files = (
				1547CB081F7246FC00725F81 /* MarqueeTests.m in Sources */,
			);
			runOnlyForDeploymentPostprocessing = 0;
		};
		1547CB0A1F7246FC00725F81 /* Sources */ = {
			isa = PBXSourcesBuildPhase;
			buildActionMask = 2147483647;
			files = (
				1547CB131F7246FC00725F81 /* MarqueeUITests.m in Sources */,
			);
			runOnlyForDeploymentPostprocessing = 0;
		};
/* End PBXSourcesBuildPhase section */

/* Begin PBXTargetDependency section */
		1547CB051F7246FC00725F81 /* PBXTargetDependency */ = {
			isa = PBXTargetDependency;
			target = 1547CAE91F7246FB00725F81 /* Marquee */;
			targetProxy = 1547CB041F7246FC00725F81 /* PBXContainerItemProxy */;
		};
		1547CB101F7246FC00725F81 /* PBXTargetDependency */ = {
			isa = PBXTargetDependency;
			target = 1547CAE91F7246FB00725F81 /* Marquee */;
			targetProxy = 1547CB0F1F7246FC00725F81 /* PBXContainerItemProxy */;
		};
/* End PBXTargetDependency section */

/* Begin PBXVariantGroup section */
		1547CAF61F7246FB00725F81 /* Main.storyboard */ = {
			isa = PBXVariantGroup;
			children = (
				1547CAF71F7246FB00725F81 /* Base */,
			);
			name = Main.storyboard;
			sourceTree = "<group>";
		};
		1547CAFB1F7246FB00725F81 /* LaunchScreen.storyboard */ = {
			isa = PBXVariantGroup;
			children = (
				1547CAFC1F7246FB00725F81 /* Base */,
			);
			name = LaunchScreen.storyboard;
			sourceTree = "<group>";
		};
/* End PBXVariantGroup section */

/* Begin XCBuildConfiguration section */
		1547CB151F7246FC00725F81 /* Debug */ = {
			isa = XCBuildConfiguration;
			buildSettings = {
				ALWAYS_SEARCH_USER_PATHS = NO;
				CLANG_ANALYZER_NONNULL = YES;
				CLANG_ANALYZER_NUMBER_OBJECT_CONVERSION = YES_AGGRESSIVE;
				CLANG_CXX_LANGUAGE_STANDARD = "gnu++0x";
				CLANG_CXX_LIBRARY = "libc++";
				CLANG_ENABLE_MODULES = YES;
				CLANG_ENABLE_OBJC_ARC = YES;
				CLANG_WARN_BOOL_CONVERSION = YES;
				CLANG_WARN_CONSTANT_CONVERSION = YES;
				CLANG_WARN_DIRECT_OBJC_ISA_USAGE = YES_ERROR;
				CLANG_WARN_DOCUMENTATION_COMMENTS = YES;
				CLANG_WARN_EMPTY_BODY = YES;
				CLANG_WARN_ENUM_CONVERSION = YES;
				CLANG_WARN_INFINITE_RECURSION = YES;
				CLANG_WARN_INT_CONVERSION = YES;
				CLANG_WARN_OBJC_ROOT_CLASS = YES_ERROR;
				CLANG_WARN_SUSPICIOUS_MOVE = YES;
				CLANG_WARN_UNREACHABLE_CODE = YES;
				CLANG_WARN__DUPLICATE_METHOD_MATCH = YES;
				"CODE_SIGN_IDENTITY[sdk=iphoneos*]" = "iPhone Developer";
				COPY_PHASE_STRIP = NO;
				DEBUG_INFORMATION_FORMAT = dwarf;
				ENABLE_STRICT_OBJC_MSGSEND = YES;
				ENABLE_TESTABILITY = YES;
				GCC_C_LANGUAGE_STANDARD = gnu99;
				GCC_DYNAMIC_NO_PIC = NO;
				GCC_NO_COMMON_BLOCKS = YES;
				GCC_OPTIMIZATION_LEVEL = 0;
				GCC_PREPROCESSOR_DEFINITIONS = (
					"DEBUG=1",
					"$(inherited)",
				);
				GCC_WARN_64_TO_32_BIT_CONVERSION = YES;
				GCC_WARN_ABOUT_RETURN_TYPE = YES_ERROR;
				GCC_WARN_UNDECLARED_SELECTOR = YES;
				GCC_WARN_UNINITIALIZED_AUTOS = YES_AGGRESSIVE;
				GCC_WARN_UNUSED_FUNCTION = YES;
				GCC_WARN_UNUSED_VARIABLE = YES;
				IPHONEOS_DEPLOYMENT_TARGET = 10.3;
				MTL_ENABLE_DEBUG_INFO = YES;
				ONLY_ACTIVE_ARCH = YES;
				SDKROOT = iphoneos;
			};
			name = Debug;
		};
		1547CB161F7246FC00725F81 /* Release */ = {
			isa = XCBuildConfiguration;
			buildSettings = {
				ALWAYS_SEARCH_USER_PATHS = NO;
				CLANG_ANALYZER_NONNULL = YES;
				CLANG_ANALYZER_NUMBER_OBJECT_CONVERSION = YES_AGGRESSIVE;
				CLANG_CXX_LANGUAGE_STANDARD = "gnu++0x";
				CLANG_CXX_LIBRARY = "libc++";
				CLANG_ENABLE_MODULES = YES;
				CLANG_ENABLE_OBJC_ARC = YES;
				CLANG_WARN_BOOL_CONVERSION = YES;
				CLANG_WARN_CONSTANT_CONVERSION = YES;
				CLANG_WARN_DIRECT_OBJC_ISA_USAGE = YES_ERROR;
				CLANG_WARN_DOCUMENTATION_COMMENTS = YES;
				CLANG_WARN_EMPTY_BODY = YES;
				CLANG_WARN_ENUM_CONVERSION = YES;
				CLANG_WARN_INFINITE_RECURSION = YES;
				CLANG_WARN_INT_CONVERSION = YES;
				CLANG_WARN_OBJC_ROOT_CLASS = YES_ERROR;
				CLANG_WARN_SUSPICIOUS_MOVE = YES;
				CLANG_WARN_UNREACHABLE_CODE = YES;
				CLANG_WARN__DUPLICATE_METHOD_MATCH = YES;
				"CODE_SIGN_IDENTITY[sdk=iphoneos*]" = "iPhone Developer";
				COPY_PHASE_STRIP = NO;
				DEBUG_INFORMATION_FORMAT = "dwarf-with-dsym";
				ENABLE_NS_ASSERTIONS = NO;
				ENABLE_STRICT_OBJC_MSGSEND = YES;
				GCC_C_LANGUAGE_STANDARD = gnu99;
				GCC_NO_COMMON_BLOCKS = YES;
				GCC_WARN_64_TO_32_BIT_CONVERSION = YES;
				GCC_WARN_ABOUT_RETURN_TYPE = YES_ERROR;
				GCC_WARN_UNDECLARED_SELECTOR = YES;
				GCC_WARN_UNINITIALIZED_AUTOS = YES_AGGRESSIVE;
				GCC_WARN_UNUSED_FUNCTION = YES;
				GCC_WARN_UNUSED_VARIABLE = YES;
				IPHONEOS_DEPLOYMENT_TARGET = 10.3;
				MTL_ENABLE_DEBUG_INFO = NO;
				SDKROOT = iphoneos;
				VALIDATE_PRODUCT = YES;
			};
			name = Release;
		};
		1547CB181F7246FC00725F81 /* Debug */ = {
			isa = XCBuildConfiguration;
			buildSettings = {
				ASSETCATALOG_COMPILER_APPICON_NAME = AppIcon;
				DEVELOPMENT_TEAM = 66TV2DKPY8;
				INFOPLIST_FILE = Marquee/Info.plist;
				LD_RUNPATH_SEARCH_PATHS = "$(inherited) @executable_path/Frameworks";
				PRODUCT_BUNDLE_IDENTIFIER = personal.Marquee;
				PRODUCT_NAME = "$(TARGET_NAME)";
			};
			name = Debug;
		};
		1547CB191F7246FC00725F81 /* Release */ = {
			isa = XCBuildConfiguration;
			buildSettings = {
				ASSETCATALOG_COMPILER_APPICON_NAME = AppIcon;
				DEVELOPMENT_TEAM = 66TV2DKPY8;
				INFOPLIST_FILE = Marquee/Info.plist;
				LD_RUNPATH_SEARCH_PATHS = "$(inherited) @executable_path/Frameworks";
				PRODUCT_BUNDLE_IDENTIFIER = personal.Marquee;
				PRODUCT_NAME = "$(TARGET_NAME)";
			};
			name = Release;
		};
		1547CB1B1F7246FC00725F81 /* Debug */ = {
			isa = XCBuildConfiguration;
			buildSettings = {
				BUNDLE_LOADER = "$(TEST_HOST)";
				DEVELOPMENT_TEAM = 66TV2DKPY8;
				INFOPLIST_FILE = MarqueeTests/Info.plist;
				LD_RUNPATH_SEARCH_PATHS = "$(inherited) @executable_path/Frameworks @loader_path/Frameworks";
				PRODUCT_BUNDLE_IDENTIFIER = personal.MarqueeTests;
				PRODUCT_NAME = "$(TARGET_NAME)";
				TEST_HOST = "$(BUILT_PRODUCTS_DIR)/Marquee.app/Marquee";
			};
			name = Debug;
		};
		1547CB1C1F7246FC00725F81 /* Release */ = {
			isa = XCBuildConfiguration;
			buildSettings = {
				BUNDLE_LOADER = "$(TEST_HOST)";
				DEVELOPMENT_TEAM = 66TV2DKPY8;
				INFOPLIST_FILE = MarqueeTests/Info.plist;
				LD_RUNPATH_SEARCH_PATHS = "$(inherited) @executable_path/Frameworks @loader_path/Frameworks";
				PRODUCT_BUNDLE_IDENTIFIER = personal.MarqueeTests;
				PRODUCT_NAME = "$(TARGET_NAME)";
				TEST_HOST = "$(BUILT_PRODUCTS_DIR)/Marquee.app/Marquee";
			};
			name = Release;
		};
		1547CB1E1F7246FC00725F81 /* Debug */ = {
			isa = XCBuildConfiguration;
			buildSettings = {
				DEVELOPMENT_TEAM = 66TV2DKPY8;
				INFOPLIST_FILE = MarqueeUITests/Info.plist;
				LD_RUNPATH_SEARCH_PATHS = "$(inherited) @executable_path/Frameworks @loader_path/Frameworks";
				PRODUCT_BUNDLE_IDENTIFIER = personal.MarqueeUITests;
				PRODUCT_NAME = "$(TARGET_NAME)";
				TEST_TARGET_NAME = Marquee;
			};
			name = Debug;
		};
		1547CB1F1F7246FC00725F81 /* Release */ = {
			isa = XCBuildConfiguration;
			buildSettings = {
				DEVELOPMENT_TEAM = 66TV2DKPY8;
				INFOPLIST_FILE = MarqueeUITests/Info.plist;
				LD_RUNPATH_SEARCH_PATHS = "$(inherited) @executable_path/Frameworks @loader_path/Frameworks";
				PRODUCT_BUNDLE_IDENTIFIER = personal.MarqueeUITests;
				PRODUCT_NAME = "$(TARGET_NAME)";
				TEST_TARGET_NAME = Marquee;
			};
			name = Release;
		};
/* End XCBuildConfiguration section */

/* Begin XCConfigurationList section */
		1547CAE51F7246FB00725F81 /* Build configuration list for PBXProject "Marquee" */ = {
			isa = XCConfigurationList;
			buildConfigurations = (
				1547CB151F7246FC00725F81 /* Debug */,
				1547CB161F7246FC00725F81 /* Release */,
			);
			defaultConfigurationIsVisible = 0;
			defaultConfigurationName = Release;
		};
		1547CB171F7246FC00725F81 /* Build configuration list for PBXNativeTarget "Marquee" */ = {
			isa = XCConfigurationList;
			buildConfigurations = (
				1547CB181F7246FC00725F81 /* Debug */,
				1547CB191F7246FC00725F81 /* Release */,
			);
			defaultConfigurationIsVisible = 0;
		};
		1547CB1A1F7246FC00725F81 /* Build configuration list for PBXNativeTarget "MarqueeTests" */ = {
			isa = XCConfigurationList;
			buildConfigurations = (
				1547CB1B1F7246FC00725F81 /* Debug */,
				1547CB1C1F7246FC00725F81 /* Release */,
			);
			defaultConfigurationIsVisible = 0;
		};
		1547CB1D1F7246FC00725F81 /* Build configuration list for PBXNativeTarget "MarqueeUITests" */ = {
			isa = XCConfigurationList;
			buildConfigurations = (
				1547CB1E1F7246FC00725F81 /* Debug */,
				1547CB1F1F7246FC00725F81 /* Release */,
			);
			defaultConfigurationIsVisible = 0;
		};
/* End XCConfigurationList section */
	};
	rootObject = 1547CAE21F7246FB00725F81 /* Project object */;
}
